
Microsoft Visual Studio Solution File, Format Version 12.00
# Visual Studio 2013
VisualStudioVersion = 12.0.21005.1
MinimumVisualStudioVersion = 10.0.40219.1
Project("{FAE04EC0-301F-11D3-BF4B-00C04F79EFBC}") = "GKSLab.Web", "GKSLab\GKSLab.Web.csproj", "{8D9294CF-6841-479E-8A35-B380EFF012AF}"
EndProject
Project("{FAE04EC0-301F-11D3-BF4B-00C04F79EFBC}") = "GKSLab.Bussiness.Logic", "GKSLab.Bussiness.Logic\GKSLab.Bussiness.Logic.csproj", "{DDDD7DED-1246-43D3-87F5-3E3F9C7D5636}"
EndProject
Project("{FAE04EC0-301F-11D3-BF4B-00C04F79EFBC}") = "GKSLab.Bussiness.Entities", "GKSLab.Bussiness.Entities\GKSLab.Bussiness.Entities.csproj", "{B8A44661-DFAA-477A-AC37-C80AE5D9E172}"
EndProject
Project("{FAE04EC0-301F-11D3-BF4B-00C04F79EFBC}") = "GKSLab.Tests", "GKSLab.Tests\GKSLab.Tests.csproj", "{E3E10A0F-78CE-498F-A66F-F5FAD9199D32}"
EndProject
Global
	GlobalSection(SolutionConfigurationPlatforms) = preSolution
		Debug|Any CPU = Debug|Any CPU
		Release|Any CPU = Release|Any CPU
	EndGlobalSection
	GlobalSection(ProjectConfigurationPlatforms) = postSolution
		{8D9294CF-6841-479E-8A35-B380EFF012AF}.Debug|Any CPU.ActiveCfg = Debug|Any CPU
		{8D9294CF-6841-479E-8A35-B380EFF012AF}.Debug|Any CPU.Build.0 = Debug|Any CPU
		{8D9294CF-6841-479E-8A35-B380EFF012AF}.Release|Any CPU.ActiveCfg = Release|Any CPU
		{8D9294CF-6841-479E-8A35-B380EFF012AF}.Release|Any CPU.Build.0 = Release|Any CPU
		{DDDD7DED-1246-43D3-87F5-3E3F9C7D5636}.Debug|Any CPU.ActiveCfg = Debug|Any CPU
		{DDDD7DED-1246-43D3-87F5-3E3F9C7D5636}.Debug|Any CPU.Build.0 = Debug|Any CPU
		{DDDD7DED-1246-43D3-87F5-3E3F9C7D5636}.Release|Any CPU.ActiveCfg = Release|Any CPU
		{DDDD7DED-1246-43D3-87F5-3E3F9C7D5636}.Release|Any CPU.Build.0 = Release|Any CPU
		{B8A44661-DFAA-477A-AC37-C80AE5D9E172}.Debug|Any CPU.ActiveCfg = Debug|Any CPU
		{B8A44661-DFAA-477A-AC37-C80AE5D9E172}.Debug|Any CPU.Build.0 = Debug|Any CPU
		{B8A44661-DFAA-477A-AC37-C80AE5D9E172}.Release|Any CPU.ActiveCfg = Release|Any CPU
		{B8A44661-DFAA-477A-AC37-C80AE5D9E172}.Release|Any CPU.Build.0 = Release|Any CPU
		{E3E10A0F-78CE-498F-A66F-F5FAD9199D32}.Debug|Any CPU.ActiveCfg = Debug|Any CPU
		{E3E10A0F-78CE-498F-A66F-F5FAD9199D32}.Debug|Any CPU.Build.0 = Debug|Any CPU
		{E3E10A0F-78CE-498F-A66F-F5FAD9199D32}.Release|Any CPU.ActiveCfg = Release|Any CPU
		{E3E10A0F-78CE-498F-A66F-F5FAD9199D32}.Release|Any CPU.Build.0 = Release|Any CPU
	EndGlobalSection
	GlobalSection(SolutionProperties) = preSolution
		HideSolutionNode = FALSE
	EndGlobalSection
EndGlobal
